
Microsoft Visual Studio Solution File, Format Version 10.00
# Visual C# Express 2008
Project("{FAE04EC0-301F-11D3-BF4B-00C04F79EFBC}") = "tc_trn", "tc_trn\tc_trn.csproj", "{888962F3-5501-461C-8BF9-D400632BD595}"
EndProject
Global
	GlobalSection(SolutionConfigurationPlatforms) = preSolution
		Debug|Any CPU = Debug|Any CPU
		Release|Any CPU = Release|Any CPU
	EndGlobalSection
	GlobalSection(ProjectConfigurationPlatforms) = postSolution
		{888962F3-5501-461C-8BF9-D400632BD595}.Debug|Any CPU.ActiveCfg = Debug|Any CPU
		{888962F3-5501-461C-8BF9-D400632BD595}.Debug|Any CPU.Build.0 = Debug|Any CPU
		{888962F3-5501-461C-8BF9-D400632BD595}.Release|Any CPU.ActiveCfg = Release|Any CPU
		{888962F3-5501-461C-8BF9-D400632BD595}.Release|Any CPU.Build.0 = Release|Any CPU
	EndGlobalSection
	GlobalSection(SolutionProperties) = preSolution
		HideSolutionNode = FALSE
	EndGlobalSection
EndGlobal
